
Microsoft Visual Studio Solution File, Format Version 12.00
# Visual Studio Version 16
VisualStudioVersion = 16.0.30002.166
MinimumVisualStudioVersion = 10.0.40219.1
Project("{9A19103F-16F7-4668-BE54-9A1E7A4F7556}") = "HealthCoach.Client", "HealthCoach.Client\HealthCoach.Client.csproj", "{0B89494C-AB8C-4D7C-8E83-A5AEA84D197A}"
EndProject
Project("{9A19103F-16F7-4668-BE54-9A1E7A4F7556}") = "HealthCoach.Shared", "HealthCoach.Shared\HealthCoach.Shared.csproj", "{E282770A-A992-4FE2-9B7B-742C70CFA57D}"
EndProject
Project("{FAE04EC0-301F-11D3-BF4B-00C04F79EFBC}") = "HealthCoach.Server", "HealthCoach.Server\HealthCoach.Server.csproj", "{883EFC7D-4663-43DC-B31A-5D586140B3D4}"
EndProject
Global
	GlobalSection(SolutionConfigurationPlatforms) = preSolution
		Debug|Any CPU = Debug|Any CPU
		Release|Any CPU = Release|Any CPU
	EndGlobalSection
	GlobalSection(ProjectConfigurationPlatforms) = postSolution
		{0B89494C-AB8C-4D7C-8E83-A5AEA84D197A}.Debug|Any CPU.ActiveCfg = Debug|Any CPU
		{0B89494C-AB8C-4D7C-8E83-A5AEA84D197A}.Debug|Any CPU.Build.0 = Debug|Any CPU
		{0B89494C-AB8C-4D7C-8E83-A5AEA84D197A}.Release|Any CPU.ActiveCfg = Release|Any CPU
		{0B89494C-AB8C-4D7C-8E83-A5AEA84D197A}.Release|Any CPU.Build.0 = Release|Any CPU
		{E282770A-A992-4FE2-9B7B-742C70CFA57D}.Debug|Any CPU.ActiveCfg = Debug|Any CPU
		{E282770A-A992-4FE2-9B7B-742C70CFA57D}.Debug|Any CPU.Build.0 = Debug|Any CPU
		{E282770A-A992-4FE2-9B7B-742C70CFA57D}.Release|Any CPU.ActiveCfg = Release|Any CPU
		{E282770A-A992-4FE2-9B7B-742C70CFA57D}.Release|Any CPU.Build.0 = Release|Any CPU
		{883EFC7D-4663-43DC-B31A-5D586140B3D4}.Debug|Any CPU.ActiveCfg = Debug|Any CPU
		{883EFC7D-4663-43DC-B31A-5D586140B3D4}.Debug|Any CPU.Build.0 = Debug|Any CPU
		{883EFC7D-4663-43DC-B31A-5D586140B3D4}.Release|Any CPU.ActiveCfg = Release|Any CPU
		{883EFC7D-4663-43DC-B31A-5D586140B3D4}.Release|Any CPU.Build.0 = Release|Any CPU
	EndGlobalSection
	GlobalSection(SolutionProperties) = preSolution
		HideSolutionNode = FALSE
	EndGlobalSection
	GlobalSection(ExtensibilityGlobals) = postSolution
		SolutionGuid = {910156B3-C7F8-4EE3-90E3-4D1687141990}
	EndGlobalSection
EndGlobal
